# THIS IS AN AUTOGENERATED FILE. DO NOT EDIT THIS FILE DIRECTLY.
# yarn lockfile v1


"@fi-sci/misc@^0.0.7":
  version "0.0.7"
  resolved "https://registry.yarnpkg.com/@fi-sci/misc/-/misc-0.0.7.tgz#b1b6b0d6715acf3fce999bdcf152e6ce56c4c8ef"
  integrity sha512-sREQA51xk/nSeQVAdd7lfF0aBWdoM2kMWECl11HjGccQSBCG95ZeK5199tNYb/NfGWEBTF90FZZ6xIwM146Xdg==
